// !$*UTF8*$!
{
	archiveVersion = 1;
	classes = {
	};
	objectVersion = 56;
	objects = {

/* Begin PBXBuildFile section */
		DC38AAD32A0B331A0072BAE1 /* AppDelegate.swift in Sources */ = {isa = PBXBuildFile; fileRef = DC38AAD22A0B331A0072BAE1 /* AppDelegate.swift */; };
		DC38AAD52A0B331A0072BAE1 /* SceneDelegate.swift in Sources */ = {isa = PBXBuildFile; fileRef = DC38AAD42A0B331A0072BAE1 /* SceneDelegate.swift */; };
		DC38AAD72A0B331A0072BAE1 /* ConversationsViewController.swift in Sources */ = {isa = PBXBuildFile; fileRef = DC38AAD62A0B331A0072BAE1 /* ConversationsViewController.swift */; };
		DC38AADA2A0B331A0072BAE1 /* Main.storyboard in Resources */ = {isa = PBXBuildFile; fileRef = DC38AAD82A0B331A0072BAE1 /* Main.storyboard */; };
		DC38AADC2A0B331C0072BAE1 /* Assets.xcassets in Resources */ = {isa = PBXBuildFile; fileRef = DC38AADB2A0B331C0072BAE1 /* Assets.xcassets */; };
		DC38AADF2A0B331C0072BAE1 /* LaunchScreen.storyboard in Resources */ = {isa = PBXBuildFile; fileRef = DC38AADD2A0B331C0072BAE1 /* LaunchScreen.storyboard */; };
		DC38AAED2A0B38640072BAE1 /* LoginViewController.swift in Sources */ = {isa = PBXBuildFile; fileRef = DC38AAEC2A0B38640072BAE1 /* LoginViewController.swift */; };
		DC38AAEF2A0B387C0072BAE1 /* RegisterViewController.swift in Sources */ = {isa = PBXBuildFile; fileRef = DC38AAEE2A0B387C0072BAE1 /* RegisterViewController.swift */; };
		DC38AAF12A0B389C0072BAE1 /* PhotoViewerViewController.swift in Sources */ = {isa = PBXBuildFile; fileRef = DC38AAF02A0B389C0072BAE1 /* PhotoViewerViewController.swift */; };
		DC38AAF32A0B38AA0072BAE1 /* VideoPlayerViewController.swift in Sources */ = {isa = PBXBuildFile; fileRef = DC38AAF22A0B38AA0072BAE1 /* VideoPlayerViewController.swift */; };
		DC38AAF52A0B38D00072BAE1 /* NewConversationViewController.swift in Sources */ = {isa = PBXBuildFile; fileRef = DC38AAF42A0B38D00072BAE1 /* NewConversationViewController.swift */; };
		DC38AAF72A0B38E50072BAE1 /* ProfileViewController.swift in Sources */ = {isa = PBXBuildFile; fileRef = DC38AAF62A0B38E50072BAE1 /* ProfileViewController.swift */; };
		DC38AAFA2A0B41BC0072BAE1 /* Extensions.swift in Sources */ = {isa = PBXBuildFile; fileRef = DC38AAF92A0B41BC0072BAE1 /* Extensions.swift */; };
/* End PBXBuildFile section */

/* Begin PBXFileReference section */
		DC38AACF2A0B331A0072BAE1 /* Messenger.app */ = {isa = PBXFileReference; explicitFileType = wrapper.application; includeInIndex = 0; path = Messenger.app; sourceTree = BUILT_PRODUCTS_DIR; };
		DC38AAD22A0B331A0072BAE1 /* AppDelegate.swift */ = {isa = PBXFileReference; lastKnownFileType = sourcecode.swift; path = AppDelegate.swift; sourceTree = "<group>"; };
		DC38AAD42A0B331A0072BAE1 /* SceneDelegate.swift */ = {isa = PBXFileReference; lastKnownFileType = sourcecode.swift; path = SceneDelegate.swift; sourceTree = "<group>"; };
		DC38AAD62A0B331A0072BAE1 /* ConversationsViewController.swift */ = {isa = PBXFileReference; lastKnownFileType = sourcecode.swift; path = ConversationsViewController.swift; sourceTree = "<group>"; };
		DC38AAD92A0B331A0072BAE1 /* Base */ = {isa = PBXFileReference; lastKnownFileType = file.storyboard; name = Base; path = Base.lproj/Main.storyboard; sourceTree = "<group>"; };
		DC38AADB2A0B331C0072BAE1 /* Assets.xcassets */ = {isa = PBXFileReference; lastKnownFileType = folder.assetcatalog; path = Assets.xcassets; sourceTree = "<group>"; };
		DC38AADE2A0B331C0072BAE1 /* Base */ = {isa = PBXFileReference; lastKnownFileType = file.storyboard; name = Base; path = Base.lproj/LaunchScreen.storyboard; sourceTree = "<group>"; };
		DC38AAE02A0B331C0072BAE1 /* Info.plist */ = {isa = PBXFileReference; lastKnownFileType = text.plist.xml; path = Info.plist; sourceTree = "<group>"; };
		DC38AAEC2A0B38640072BAE1 /* LoginViewController.swift */ = {isa = PBXFileReference; lastKnownFileType = sourcecode.swift; path = LoginViewController.swift; sourceTree = "<group>"; };
		DC38AAEE2A0B387C0072BAE1 /* RegisterViewController.swift */ = {isa = PBXFileReference; lastKnownFileType = sourcecode.swift; path = RegisterViewController.swift; sourceTree = "<group>"; };
		DC38AAF02A0B389C0072BAE1 /* PhotoViewerViewController.swift */ = {isa = PBXFileReference; lastKnownFileType = sourcecode.swift; path = PhotoViewerViewController.swift; sourceTree = "<group>"; };
		DC38AAF22A0B38AA0072BAE1 /* VideoPlayerViewController.swift */ = {isa = PBXFileReference; lastKnownFileType = sourcecode.swift; path = VideoPlayerViewController.swift; sourceTree = "<group>"; };
		DC38AAF42A0B38D00072BAE1 /* NewConversationViewController.swift */ = {isa = PBXFileReference; lastKnownFileType = sourcecode.swift; path = NewConversationViewController.swift; sourceTree = "<group>"; };
		DC38AAF62A0B38E50072BAE1 /* ProfileViewController.swift */ = {isa = PBXFileReference; lastKnownFileType = sourcecode.swift; path = ProfileViewController.swift; sourceTree = "<group>"; };
		DC38AAF92A0B41BC0072BAE1 /* Extensions.swift */ = {isa = PBXFileReference; lastKnownFileType = sourcecode.swift; path = Extensions.swift; sourceTree = "<group>"; };
/* End PBXFileReference section */

/* Begin PBXFrameworksBuildPhase section */
		DC38AACC2A0B331A0072BAE1 /* Frameworks */ = {
			isa = PBXFrameworksBuildPhase;
			buildActionMask = 2147483647;
			files = (
			);
			runOnlyForDeploymentPostprocessing = 0;
		};
/* End PBXFrameworksBuildPhase section */

/* Begin PBXGroup section */
		DC38AAC62A0B331A0072BAE1 = {
			isa = PBXGroup;
			children = (
				DC38AAD12A0B331A0072BAE1 /* Messenger */,
				DC38AAD02A0B331A0072BAE1 /* Products */,
			);
			sourceTree = "<group>";
		};
		DC38AAD02A0B331A0072BAE1 /* Products */ = {
			isa = PBXGroup;
			children = (
				DC38AACF2A0B331A0072BAE1 /* Messenger.app */,
			);
			name = Products;
			sourceTree = "<group>";
		};
		DC38AAD12A0B331A0072BAE1 /* Messenger */ = {
			isa = PBXGroup;
			children = (
				DC38AAEA2A0B371D0072BAE1 /* Resources */,
				DC38AAE92A0B37130072BAE1 /* ViewModels */,
				DC38AAE82A0B370D0072BAE1 /* Models */,
				DC38AAE72A0B37010072BAE1 /* Views */,
				DC38AAE62A0B36F80072BAE1 /* Controllers */,
				DC38AAE02A0B331C0072BAE1 /* Info.plist */,
			);
			path = Messenger;
			sourceTree = "<group>";
		};
		DC38AAE62A0B36F80072BAE1 /* Controllers */ = {
			isa = PBXGroup;
			children = (
				DC38AAF82A0B399E0072BAE1 /* Login */,
				DC38AAD62A0B331A0072BAE1 /* ConversationsViewController.swift */,
				DC38AAF02A0B389C0072BAE1 /* PhotoViewerViewController.swift */,
				DC38AAF22A0B38AA0072BAE1 /* VideoPlayerViewController.swift */,
				DC38AAF42A0B38D00072BAE1 /* NewConversationViewController.swift */,
				DC38AAF62A0B38E50072BAE1 /* ProfileViewController.swift */,
			);
			path = Controllers;
			sourceTree = "<group>";
		};
		DC38AAE72A0B37010072BAE1 /* Views */ = {
			isa = PBXGroup;
			children = (
				DC38AAEB2A0B37560072BAE1 /* Storyboards */,
				DC38AADB2A0B331C0072BAE1 /* Assets.xcassets */,
			);
			path = Views;
			sourceTree = "<group>";
		};
		DC38AAE82A0B370D0072BAE1 /* Models */ = {
			isa = PBXGroup;
			children = (
			);
			path = Models;
			sourceTree = "<group>";
		};
		DC38AAE92A0B37130072BAE1 /* ViewModels */ = {
			isa = PBXGroup;
			children = (
			);
			path = ViewModels;
			sourceTree = "<group>";
		};
		DC38AAEA2A0B371D0072BAE1 /* Resources */ = {
			isa = PBXGroup;
			children = (
				DC38AAD22A0B331A0072BAE1 /* AppDelegate.swift */,
				DC38AAD42A0B331A0072BAE1 /* SceneDelegate.swift */,
				DC38AAF92A0B41BC0072BAE1 /* Extensions.swift */,
			);
			path = Resources;
			sourceTree = "<group>";
		};
		DC38AAEB2A0B37560072BAE1 /* Storyboards */ = {
			isa = PBXGroup;
			children = (
				DC38AAD82A0B331A0072BAE1 /* Main.storyboard */,
				DC38AADD2A0B331C0072BAE1 /* LaunchScreen.storyboard */,
			);
			path = Storyboards;
			sourceTree = "<group>";
		};
		DC38AAF82A0B399E0072BAE1 /* Login */ = {
			isa = PBXGroup;
			children = (
				DC38AAEC2A0B38640072BAE1 /* LoginViewController.swift */,
				DC38AAEE2A0B387C0072BAE1 /* RegisterViewController.swift */,
			);
			path = Login;
			sourceTree = "<group>";
		};
/* End PBXGroup section */

/* Begin PBXNativeTarget section */
		DC38AACE2A0B331A0072BAE1 /* Messenger */ = {
			isa = PBXNativeTarget;
			buildConfigurationList = DC38AAE32A0B331C0072BAE1 /* Build configuration list for PBXNativeTarget "Messenger" */;
			buildPhases = (
				DC38AACB2A0B331A0072BAE1 /* Sources */,
				DC38AACC2A0B331A0072BAE1 /* Frameworks */,
				DC38AACD2A0B331A0072BAE1 /* Resources */,
			);
			buildRules = (
			);
			dependencies = (
			);
			name = Messenger;
			productName = Messenger;
			productReference = DC38AACF2A0B331A0072BAE1 /* Messenger.app */;
			productType = "com.apple.product-type.application";
		};
/* End PBXNativeTarget section */

/* Begin PBXProject section */
		DC38AAC72A0B331A0072BAE1 /* Project object */ = {
			isa = PBXProject;
			attributes = {
				BuildIndependentTargetsInParallel = 1;
				LastSwiftUpdateCheck = 1430;
				LastUpgradeCheck = 1430;
				TargetAttributes = {
					DC38AACE2A0B331A0072BAE1 = {
						CreatedOnToolsVersion = 14.3;
					};
				};
			};
			buildConfigurationList = DC38AACA2A0B331A0072BAE1 /* Build configuration list for PBXProject "Messenger" */;
			compatibilityVersion = "Xcode 14.0";
			developmentRegion = en;
			hasScannedForEncodings = 0;
			knownRegions = (
				en,
				Base,
			);
			mainGroup = DC38AAC62A0B331A0072BAE1;
			productRefGroup = DC38AAD02A0B331A0072BAE1 /* Products */;
			projectDirPath = "";
			projectRoot = "";
			targets = (
				DC38AACE2A0B331A0072BAE1 /* Messenger */,
			);
		};
/* End PBXProject section */

/* Begin PBXResourcesBuildPhase section */
		DC38AACD2A0B331A0072BAE1 /* Resources */ = {
			isa = PBXResourcesBuildPhase;
			buildActionMask = 2147483647;
			files = (
				DC38AADF2A0B331C0072BAE1 /* LaunchScreen.storyboard in Resources */,
				DC38AADC2A0B331C0072BAE1 /* Assets.xcassets in Resources */,
				DC38AADA2A0B331A0072BAE1 /* Main.storyboard in Resources */,
			);
			runOnlyForDeploymentPostprocessing = 0;
		};
/* End PBXResourcesBuildPhase section */

/* Begin PBXSourcesBuildPhase section */
		DC38AACB2A0B331A0072BAE1 /* Sources */ = {
			isa = PBXSourcesBuildPhase;
			buildActionMask = 2147483647;
			files = (
				DC38AAED2A0B38640072BAE1 /* LoginViewController.swift in Sources */,
				DC38AAEF2A0B387C0072BAE1 /* RegisterViewController.swift in Sources */,
				DC38AAF52A0B38D00072BAE1 /* NewConversationViewController.swift in Sources */,
				DC38AAD72A0B331A0072BAE1 /* ConversationsViewController.swift in Sources */,
				DC38AAF32A0B38AA0072BAE1 /* VideoPlayerViewController.swift in Sources */,
				DC38AAFA2A0B41BC0072BAE1 /* Extensions.swift in Sources */,
				DC38AAD32A0B331A0072BAE1 /* AppDelegate.swift in Sources */,
				DC38AAF72A0B38E50072BAE1 /* ProfileViewController.swift in Sources */,
				DC38AAD52A0B331A0072BAE1 /* SceneDelegate.swift in Sources */,
				DC38AAF12A0B389C0072BAE1 /* PhotoViewerViewController.swift in Sources */,
			);
			runOnlyForDeploymentPostprocessing = 0;
		};
/* End PBXSourcesBuildPhase section */

/* Begin PBXVariantGroup section */
		DC38AAD82A0B331A0072BAE1 /* Main.storyboard */ = {
			isa = PBXVariantGroup;
			children = (
				DC38AAD92A0B331A0072BAE1 /* Base */,
			);
			name = Main.storyboard;
			sourceTree = "<group>";
		};
		DC38AADD2A0B331C0072BAE1 /* LaunchScreen.storyboard */ = {
			isa = PBXVariantGroup;
			children = (
				DC38AADE2A0B331C0072BAE1 /* Base */,
			);
			name = LaunchScreen.storyboard;
			sourceTree = "<group>";
		};
/* End PBXVariantGroup section */

/* Begin XCBuildConfiguration section */
		DC38AAE12A0B331C0072BAE1 /* Debug */ = {
			isa = XCBuildConfiguration;
			buildSettings = {
				ALWAYS_SEARCH_USER_PATHS = NO;
				CLANG_ANALYZER_NONNULL = YES;
				CLANG_ANALYZER_NUMBER_OBJECT_CONVERSION = YES_AGGRESSIVE;
				CLANG_CXX_LANGUAGE_STANDARD = "gnu++20";
				CLANG_ENABLE_MODULES = YES;
				CLANG_ENABLE_OBJC_ARC = YES;
				CLANG_ENABLE_OBJC_WEAK = YES;
				CLANG_WARN_BLOCK_CAPTURE_AUTORELEASING = YES;
				CLANG_WARN_BOOL_CONVERSION = YES;
				CLANG_WARN_COMMA = YES;
				CLANG_WARN_CONSTANT_CONVERSION = YES;
				CLANG_WARN_DEPRECATED_OBJC_IMPLEMENTATIONS = YES;
				CLANG_WARN_DIRECT_OBJC_ISA_USAGE = YES_ERROR;
				CLANG_WARN_DOCUMENTATION_COMMENTS = YES;
				CLANG_WARN_EMPTY_BODY = YES;
				CLANG_WARN_ENUM_CONVERSION = YES;
				CLANG_WARN_INFINITE_RECURSION = YES;
				CLANG_WARN_INT_CONVERSION = YES;
				CLANG_WARN_NON_LITERAL_NULL_CONVERSION = YES;
				CLANG_WARN_OBJC_IMPLICIT_RETAIN_SELF = YES;
				CLANG_WARN_OBJC_LITERAL_CONVERSION = YES;
				CLANG_WARN_OBJC_ROOT_CLASS = YES_ERROR;
				CLANG_WARN_QUOTED_INCLUDE_IN_FRAMEWORK_HEADER = YES;
				CLANG_WARN_RANGE_LOOP_ANALYSIS = YES;
				CLANG_WARN_STRICT_PROTOTYPES = YES;
				CLANG_WARN_SUSPICIOUS_MOVE = YES;
				CLANG_WARN_UNGUARDED_AVAILABILITY = YES_AGGRESSIVE;
				CLANG_WARN_UNREACHABLE_CODE = YES;
				CLANG_WARN__DUPLICATE_METHOD_MATCH = YES;
				COPY_PHASE_STRIP = NO;
				DEBUG_INFORMATION_FORMAT = dwarf;
				ENABLE_STRICT_OBJC_MSGSEND = YES;
				ENABLE_TESTABILITY = YES;
				GCC_C_LANGUAGE_STANDARD = gnu11;
				GCC_DYNAMIC_NO_PIC = NO;
				GCC_NO_COMMON_BLOCKS = YES;
				GCC_OPTIMIZATION_LEVEL = 0;
				GCC_PREPROCESSOR_DEFINITIONS = (
					"DEBUG=1",
					"$(inherited)",
				);
				GCC_WARN_64_TO_32_BIT_CONVERSION = YES;
				GCC_WARN_ABOUT_RETURN_TYPE = YES_ERROR;
				GCC_WARN_UNDECLARED_SELECTOR = YES;
				GCC_WARN_UNINITIALIZED_AUTOS = YES_AGGRESSIVE;
				GCC_WARN_UNUSED_FUNCTION = YES;
				GCC_WARN_UNUSED_VARIABLE = YES;
				IPHONEOS_DEPLOYMENT_TARGET = 16.4;
				MTL_ENABLE_DEBUG_INFO = INCLUDE_SOURCE;
				MTL_FAST_MATH = YES;
				ONLY_ACTIVE_ARCH = YES;
				SDKROOT = iphoneos;
				SWIFT_ACTIVE_COMPILATION_CONDITIONS = DEBUG;
				SWIFT_OPTIMIZATION_LEVEL = "-Onone";
			};
			name = Debug;
		};
		DC38AAE22A0B331C0072BAE1 /* Release */ = {
			isa = XCBuildConfiguration;
			buildSettings = {
				ALWAYS_SEARCH_USER_PATHS = NO;
				CLANG_ANALYZER_NONNULL = YES;
				CLANG_ANALYZER_NUMBER_OBJECT_CONVERSION = YES_AGGRESSIVE;
				CLANG_CXX_LANGUAGE_STANDARD = "gnu++20";
				CLANG_ENABLE_MODULES = YES;
				CLANG_ENABLE_OBJC_ARC = YES;
				CLANG_ENABLE_OBJC_WEAK = YES;
				CLANG_WARN_BLOCK_CAPTURE_AUTORELEASING = YES;
				CLANG_WARN_BOOL_CONVERSION = YES;
				CLANG_WARN_COMMA = YES;
				CLANG_WARN_CONSTANT_CONVERSION = YES;
				CLANG_WARN_DEPRECATED_OBJC_IMPLEMENTATIONS = YES;
				CLANG_WARN_DIRECT_OBJC_ISA_USAGE = YES_ERROR;
				CLANG_WARN_DOCUMENTATION_COMMENTS = YES;
				CLANG_WARN_EMPTY_BODY = YES;
				CLANG_WARN_ENUM_CONVERSION = YES;
				CLANG_WARN_INFINITE_RECURSION = YES;
				CLANG_WARN_INT_CONVERSION = YES;
				CLANG_WARN_NON_LITERAL_NULL_CONVERSION = YES;
				CLANG_WARN_OBJC_IMPLICIT_RETAIN_SELF = YES;
				CLANG_WARN_OBJC_LITERAL_CONVERSION = YES;
				CLANG_WARN_OBJC_ROOT_CLASS = YES_ERROR;
				CLANG_WARN_QUOTED_INCLUDE_IN_FRAMEWORK_HEADER = YES;
				CLANG_WARN_RANGE_LOOP_ANALYSIS = YES;
				CLANG_WARN_STRICT_PROTOTYPES = YES;
				CLANG_WARN_SUSPICIOUS_MOVE = YES;
				CLANG_WARN_UNGUARDED_AVAILABILITY = YES_AGGRESSIVE;
				CLANG_WARN_UNREACHABLE_CODE = YES;
				CLANG_WARN__DUPLICATE_METHOD_MATCH = YES;
				COPY_PHASE_STRIP = NO;
				DEBUG_INFORMATION_FORMAT = "dwarf-with-dsym";
				ENABLE_NS_ASSERTIONS = NO;
				ENABLE_STRICT_OBJC_MSGSEND = YES;
				GCC_C_LANGUAGE_STANDARD = gnu11;
				GCC_NO_COMMON_BLOCKS = YES;
				GCC_WARN_64_TO_32_BIT_CONVERSION = YES;
				GCC_WARN_ABOUT_RETURN_TYPE = YES_ERROR;
				GCC_WARN_UNDECLARED_SELECTOR = YES;
				GCC_WARN_UNINITIALIZED_AUTOS = YES_AGGRESSIVE;
				GCC_WARN_UNUSED_FUNCTION = YES;
				GCC_WARN_UNUSED_VARIABLE = YES;
				IPHONEOS_DEPLOYMENT_TARGET = 16.4;
				MTL_ENABLE_DEBUG_INFO = NO;
				MTL_FAST_MATH = YES;
				SDKROOT = iphoneos;
				SWIFT_COMPILATION_MODE = wholemodule;
				SWIFT_OPTIMIZATION_LEVEL = "-O";
				VALIDATE_PRODUCT = YES;
			};
			name = Release;
		};
		DC38AAE42A0B331C0072BAE1 /* Debug */ = {
			isa = XCBuildConfiguration;
			buildSettings = {
				ASSETCATALOG_COMPILER_APPICON_NAME = AppIcon;
				ASSETCATALOG_COMPILER_GLOBAL_ACCENT_COLOR_NAME = AccentColor;
				CODE_SIGN_STYLE = Automatic;
				CURRENT_PROJECT_VERSION = 1;
				DEVELOPMENT_TEAM = 4U2Y868QKH;
				GENERATE_INFOPLIST_FILE = YES;
				INFOPLIST_FILE = Messenger/Info.plist;
				INFOPLIST_KEY_UIApplicationSupportsIndirectInputEvents = YES;
				INFOPLIST_KEY_UILaunchStoryboardName = LaunchScreen;
				INFOPLIST_KEY_UIMainStoryboardFile = Main;
				INFOPLIST_KEY_UISupportedInterfaceOrientations = UIInterfaceOrientationPortrait;
				INFOPLIST_KEY_UISupportedInterfaceOrientations_iPad = "UIInterfaceOrientationPortrait UIInterfaceOrientationPortraitUpsideDown";
				LD_RUNPATH_SEARCH_PATHS = (
					"$(inherited)",
					"@executable_path/Frameworks",
				);
				MARKETING_VERSION = 1.0;
				PRODUCT_BUNDLE_IDENTIFIER = vn.Messenger;
				PRODUCT_NAME = "$(TARGET_NAME)";
				SWIFT_EMIT_LOC_STRINGS = YES;
				SWIFT_VERSION = 5.0;
				TARGETED_DEVICE_FAMILY = "1,2";
			};
			name = Debug;
		};
		DC38AAE52A0B331C0072BAE1 /* Release */ = {
			isa = XCBuildConfiguration;
			buildSettings = {
				ASSETCATALOG_COMPILER_APPICON_NAME = AppIcon;
				ASSETCATALOG_COMPILER_GLOBAL_ACCENT_COLOR_NAME = AccentColor;
				CODE_SIGN_STYLE = Automatic;
				CURRENT_PROJECT_VERSION = 1;
				DEVELOPMENT_TEAM = 4U2Y868QKH;
				GENERATE_INFOPLIST_FILE = YES;
				INFOPLIST_FILE = Messenger/Info.plist;
				INFOPLIST_KEY_UIApplicationSupportsIndirectInputEvents = YES;
				INFOPLIST_KEY_UILaunchStoryboardName = LaunchScreen;
				INFOPLIST_KEY_UIMainStoryboardFile = Main;
				INFOPLIST_KEY_UISupportedInterfaceOrientations = UIInterfaceOrientationPortrait;
				INFOPLIST_KEY_UISupportedInterfaceOrientations_iPad = "UIInterfaceOrientationPortrait UIInterfaceOrientationPortraitUpsideDown";
				LD_RUNPATH_SEARCH_PATHS = (
					"$(inherited)",
					"@executable_path/Frameworks",
				);
				MARKETING_VERSION = 1.0;
				PRODUCT_BUNDLE_IDENTIFIER = vn.Messenger;
				PRODUCT_NAME = "$(TARGET_NAME)";
				SWIFT_EMIT_LOC_STRINGS = YES;
				SWIFT_VERSION = 5.0;
				TARGETED_DEVICE_FAMILY = "1,2";
			};
			name = Release;
		};
/* End XCBuildConfiguration section */

/* Begin XCConfigurationList section */
		DC38AACA2A0B331A0072BAE1 /* Build configuration list for PBXProject "Messenger" */ = {
			isa = XCConfigurationList;
			buildConfigurations = (
				DC38AAE12A0B331C0072BAE1 /* Debug */,
				DC38AAE22A0B331C0072BAE1 /* Release */,
			);
			defaultConfigurationIsVisible = 0;
			defaultConfigurationName = Release;
		};
		DC38AAE32A0B331C0072BAE1 /* Build configuration list for PBXNativeTarget "Messenger" */ = {
			isa = XCConfigurationList;
			buildConfigurations = (
				DC38AAE42A0B331C0072BAE1 /* Debug */,
				DC38AAE52A0B331C0072BAE1 /* Release */,
			);
			defaultConfigurationIsVisible = 0;
			defaultConfigurationName = Release;
		};
/* End XCConfigurationList section */
	};
	rootObject = DC38AAC72A0B331A0072BAE1 /* Project object */;
}
